
Microsoft Visual Studio Solution File, Format Version 12.00
# Visual Studio Version 17
VisualStudioVersion = 17.7.34003.232
MinimumVisualStudioVersion = 10.0.40219.1
Project("{FAE04EC0-301F-11D3-BF4B-00C04F79EFBC}") = "TicTacToe_Game", "TicTacToe_Game.csproj", "{ABCC31CE-F011-4242-8BE9-0C01A2D62D04}"
EndProject
Global
	GlobalSection(SolutionConfigurationPlatforms) = preSolution
		Debug|Any CPU = Debug|Any CPU
		Release|Any CPU = Release|Any CPU
	EndGlobalSection
	GlobalSection(ProjectConfigurationPlatforms) = postSolution
		{ABCC31CE-F011-4242-8BE9-0C01A2D62D04}.Debug|Any CPU.ActiveCfg = Debug|Any CPU
		{ABCC31CE-F011-4242-8BE9-0C01A2D62D04}.Debug|Any CPU.Build.0 = Debug|Any CPU
		{ABCC31CE-F011-4242-8BE9-0C01A2D62D04}.Release|Any CPU.ActiveCfg = Release|Any CPU
		{ABCC31CE-F011-4242-8BE9-0C01A2D62D04}.Release|Any CPU.Build.0 = Release|Any CPU
	EndGlobalSection
	GlobalSection(SolutionProperties) = preSolution
		HideSolutionNode = FALSE
	EndGlobalSection
	GlobalSection(ExtensibilityGlobals) = postSolution
		SolutionGuid = {684D5C9E-7025-4539-B39A-E8F11B93C9C8}
	EndGlobalSection
EndGlobal
